// !$*UTF8*$!
{
	archiveVersion = 1;
	classes = {
	};
	objectVersion = 56;
	objects = {

/* Begin PBXBuildFile section */
		A9C304B62B5D8C4600950A5D /* AppDelegate.swift in Sources */ = {isa = PBXBuildFile; fileRef = A9C304B52B5D8C4600950A5D /* AppDelegate.swift */; };
		A9C304B82B5D8C4600950A5D /* SceneDelegate.swift in Sources */ = {isa = PBXBuildFile; fileRef = A9C304B72B5D8C4600950A5D /* SceneDelegate.swift */; };
		A9C304BA2B5D8C4600950A5D /* ViewController.swift in Sources */ = {isa = PBXBuildFile; fileRef = A9C304B92B5D8C4600950A5D /* ViewController.swift */; };
		A9C304BD2B5D8C4600950A5D /* Main.storyboard in Resources */ = {isa = PBXBuildFile; fileRef = A9C304BB2B5D8C4600950A5D /* Main.storyboard */; };
		A9C304BF2B5D8C4D00950A5D /* Assets.xcassets in Resources */ = {isa = PBXBuildFile; fileRef = A9C304BE2B5D8C4D00950A5D /* Assets.xcassets */; };
		A9C304C22B5D8C4D00950A5D /* LaunchScreen.storyboard in Resources */ = {isa = PBXBuildFile; fileRef = A9C304C02B5D8C4D00950A5D /* LaunchScreen.storyboard */; };
		A9C304CD2B5D8C4E00950A5D /* QuizlerTests.swift in Sources */ = {isa = PBXBuildFile; fileRef = A9C304CC2B5D8C4E00950A5D /* QuizlerTests.swift */; };
		A9C304D72B5D8C4E00950A5D /* QuizlerUITests.swift in Sources */ = {isa = PBXBuildFile; fileRef = A9C304D62B5D8C4E00950A5D /* QuizlerUITests.swift */; };
		A9C304D92B5D8C4E00950A5D /* QuizlerUITestsLaunchTests.swift in Sources */ = {isa = PBXBuildFile; fileRef = A9C304D82B5D8C4E00950A5D /* QuizlerUITestsLaunchTests.swift */; };
		A9E0FD3E2B5E4BE6001E87D1 /* Question.swift in Sources */ = {isa = PBXBuildFile; fileRef = A9E0FD3D2B5E4BE6001E87D1 /* Question.swift */; };
		A9E0FD452B5E752E001E87D1 /* QuizBrain.swift in Sources */ = {isa = PBXBuildFile; fileRef = A9E0FD442B5E752E001E87D1 /* QuizBrain.swift */; };
/* End PBXBuildFile section */

/* Begin PBXContainerItemProxy section */
		A9C304C92B5D8C4D00950A5D /* PBXContainerItemProxy */ = {
			isa = PBXContainerItemProxy;
			containerPortal = A9C304AA2B5D8C4600950A5D /* Project object */;
			proxyType = 1;
			remoteGlobalIDString = A9C304B12B5D8C4600950A5D;
			remoteInfo = Quizler;
		};
		A9C304D32B5D8C4E00950A5D /* PBXContainerItemProxy */ = {
			isa = PBXContainerItemProxy;
			containerPortal = A9C304AA2B5D8C4600950A5D /* Project object */;
			proxyType = 1;
			remoteGlobalIDString = A9C304B12B5D8C4600950A5D;
			remoteInfo = Quizler;
		};
/* End PBXContainerItemProxy section */

/* Begin PBXFileReference section */
		A9C304B22B5D8C4600950A5D /* Quizler.app */ = {isa = PBXFileReference; explicitFileType = wrapper.application; includeInIndex = 0; path = Quizler.app; sourceTree = BUILT_PRODUCTS_DIR; };
		A9C304B52B5D8C4600950A5D /* AppDelegate.swift */ = {isa = PBXFileReference; lastKnownFileType = sourcecode.swift; path = AppDelegate.swift; sourceTree = "<group>"; };
		A9C304B72B5D8C4600950A5D /* SceneDelegate.swift */ = {isa = PBXFileReference; lastKnownFileType = sourcecode.swift; path = SceneDelegate.swift; sourceTree = "<group>"; };
		A9C304B92B5D8C4600950A5D /* ViewController.swift */ = {isa = PBXFileReference; lastKnownFileType = sourcecode.swift; path = ViewController.swift; sourceTree = "<group>"; };
		A9C304BC2B5D8C4600950A5D /* Base */ = {isa = PBXFileReference; lastKnownFileType = file.storyboard; name = Base; path = Base.lproj/Main.storyboard; sourceTree = "<group>"; };
		A9C304BE2B5D8C4D00950A5D /* Assets.xcassets */ = {isa = PBXFileReference; lastKnownFileType = folder.assetcatalog; path = Assets.xcassets; sourceTree = "<group>"; };
		A9C304C12B5D8C4D00950A5D /* Base */ = {isa = PBXFileReference; lastKnownFileType = file.storyboard; name = Base; path = Base.lproj/LaunchScreen.storyboard; sourceTree = "<group>"; };
		A9C304C32B5D8C4D00950A5D /* Info.plist */ = {isa = PBXFileReference; lastKnownFileType = text.plist.xml; path = Info.plist; sourceTree = "<group>"; };
		A9C304C82B5D8C4D00950A5D /* QuizlerTests.xctest */ = {isa = PBXFileReference; explicitFileType = wrapper.cfbundle; includeInIndex = 0; path = QuizlerTests.xctest; sourceTree = BUILT_PRODUCTS_DIR; };
		A9C304CC2B5D8C4E00950A5D /* QuizlerTests.swift */ = {isa = PBXFileReference; lastKnownFileType = sourcecode.swift; path = QuizlerTests.swift; sourceTree = "<group>"; };
		A9C304D22B5D8C4E00950A5D /* QuizlerUITests.xctest */ = {isa = PBXFileReference; explicitFileType = wrapper.cfbundle; includeInIndex = 0; path = QuizlerUITests.xctest; sourceTree = BUILT_PRODUCTS_DIR; };
		A9C304D62B5D8C4E00950A5D /* QuizlerUITests.swift */ = {isa = PBXFileReference; lastKnownFileType = sourcecode.swift; path = QuizlerUITests.swift; sourceTree = "<group>"; };
		A9C304D82B5D8C4E00950A5D /* QuizlerUITestsLaunchTests.swift */ = {isa = PBXFileReference; lastKnownFileType = sourcecode.swift; path = QuizlerUITestsLaunchTests.swift; sourceTree = "<group>"; };
		A9E0FD3D2B5E4BE6001E87D1 /* Question.swift */ = {isa = PBXFileReference; lastKnownFileType = sourcecode.swift; path = Question.swift; sourceTree = "<group>"; };
		A9E0FD442B5E752E001E87D1 /* QuizBrain.swift */ = {isa = PBXFileReference; lastKnownFileType = sourcecode.swift; path = QuizBrain.swift; sourceTree = "<group>"; };
/* End PBXFileReference section */

/* Begin PBXFrameworksBuildPhase section */
		A9C304AF2B5D8C4600950A5D /* Frameworks */ = {
			isa = PBXFrameworksBuildPhase;
			buildActionMask = 2147483647;
			files = (
			);
			runOnlyForDeploymentPostprocessing = 0;
		};
		A9C304C52B5D8C4D00950A5D /* Frameworks */ = {
			isa = PBXFrameworksBuildPhase;
			buildActionMask = 2147483647;
			files = (
			);
			runOnlyForDeploymentPostprocessing = 0;
		};
		A9C304CF2B5D8C4E00950A5D /* Frameworks */ = {
			isa = PBXFrameworksBuildPhase;
			buildActionMask = 2147483647;
			files = (
			);
			runOnlyForDeploymentPostprocessing = 0;
		};
/* End PBXFrameworksBuildPhase section */

/* Begin PBXGroup section */
		A9C304A92B5D8C4600950A5D = {
			isa = PBXGroup;
			children = (
				A9C304B42B5D8C4600950A5D /* Quizler */,
				A9C304CB2B5D8C4E00950A5D /* QuizlerTests */,
				A9C304D52B5D8C4E00950A5D /* QuizlerUITests */,
				A9C304B32B5D8C4600950A5D /* Products */,
			);
			sourceTree = "<group>";
		};
		A9C304B32B5D8C4600950A5D /* Products */ = {
			isa = PBXGroup;
			children = (
				A9C304B22B5D8C4600950A5D /* Quizler.app */,
				A9C304C82B5D8C4D00950A5D /* QuizlerTests.xctest */,
				A9C304D22B5D8C4E00950A5D /* QuizlerUITests.xctest */,
			);
			name = Products;
			sourceTree = "<group>";
		};
		A9C304B42B5D8C4600950A5D /* Quizler */ = {
			isa = PBXGroup;
			children = (
				A9C304B52B5D8C4600950A5D /* AppDelegate.swift */,
				A9C304B72B5D8C4600950A5D /* SceneDelegate.swift */,
				A9E0FD412B5E69EE001E87D1 /* Model */,
				A9E0FD422B5E69F8001E87D1 /* View */,
				A9E0FD432B5E6A06001E87D1 /* Controller */,
				A9C304BE2B5D8C4D00950A5D /* Assets.xcassets */,
				A9C304C02B5D8C4D00950A5D /* LaunchScreen.storyboard */,
				A9C304C32B5D8C4D00950A5D /* Info.plist */,
			);
			path = Quizler;
			sourceTree = "<group>";
		};
		A9C304CB2B5D8C4E00950A5D /* QuizlerTests */ = {
			isa = PBXGroup;
			children = (
				A9C304CC2B5D8C4E00950A5D /* QuizlerTests.swift */,
			);
			path = QuizlerTests;
			sourceTree = "<group>";
		};
		A9C304D52B5D8C4E00950A5D /* QuizlerUITests */ = {
			isa = PBXGroup;
			children = (
				A9C304D62B5D8C4E00950A5D /* QuizlerUITests.swift */,
				A9C304D82B5D8C4E00950A5D /* QuizlerUITestsLaunchTests.swift */,
			);
			path = QuizlerUITests;
			sourceTree = "<group>";
		};
		A9E0FD412B5E69EE001E87D1 /* Model */ = {
			isa = PBXGroup;
			children = (
				A9E0FD3D2B5E4BE6001E87D1 /* Question.swift */,
				A9E0FD442B5E752E001E87D1 /* QuizBrain.swift */,
			);
			path = Model;
			sourceTree = "<group>";
		};
		A9E0FD422B5E69F8001E87D1 /* View */ = {
			isa = PBXGroup;
			children = (
				A9C304BB2B5D8C4600950A5D /* Main.storyboard */,
			);
			path = View;
			sourceTree = "<group>";
		};
		A9E0FD432B5E6A06001E87D1 /* Controller */ = {
			isa = PBXGroup;
			children = (
				A9C304B92B5D8C4600950A5D /* ViewController.swift */,
			);
			path = Controller;
			sourceTree = "<group>";
		};
/* End PBXGroup section */

/* Begin PBXNativeTarget section */
		A9C304B12B5D8C4600950A5D /* Quizler */ = {
			isa = PBXNativeTarget;
			buildConfigurationList = A9C304DC2B5D8C4E00950A5D /* Build configuration list for PBXNativeTarget "Quizler" */;
			buildPhases = (
				A9C304AE2B5D8C4600950A5D /* Sources */,
				A9C304AF2B5D8C4600950A5D /* Frameworks */,
				A9C304B02B5D8C4600950A5D /* Resources */,
			);
			buildRules = (
			);
			dependencies = (
			);
			name = Quizler;
			productName = Quizler;
			productReference = A9C304B22B5D8C4600950A5D /* Quizler.app */;
			productType = "com.apple.product-type.application";
		};
		A9C304C72B5D8C4D00950A5D /* QuizlerTests */ = {
			isa = PBXNativeTarget;
			buildConfigurationList = A9C304DF2B5D8C4E00950A5D /* Build configuration list for PBXNativeTarget "QuizlerTests" */;
			buildPhases = (
				A9C304C42B5D8C4D00950A5D /* Sources */,
				A9C304C52B5D8C4D00950A5D /* Frameworks */,
				A9C304C62B5D8C4D00950A5D /* Resources */,
			);
			buildRules = (
			);
			dependencies = (
				A9C304CA2B5D8C4D00950A5D /* PBXTargetDependency */,
			);
			name = QuizlerTests;
			productName = QuizlerTests;
			productReference = A9C304C82B5D8C4D00950A5D /* QuizlerTests.xctest */;
			productType = "com.apple.product-type.bundle.unit-test";
		};
		A9C304D12B5D8C4E00950A5D /* QuizlerUITests */ = {
			isa = PBXNativeTarget;
			buildConfigurationList = A9C304E22B5D8C4E00950A5D /* Build configuration list for PBXNativeTarget "QuizlerUITests" */;
			buildPhases = (
				A9C304CE2B5D8C4E00950A5D /* Sources */,
				A9C304CF2B5D8C4E00950A5D /* Frameworks */,
				A9C304D02B5D8C4E00950A5D /* Resources */,
			);
			buildRules = (
			);
			dependencies = (
				A9C304D42B5D8C4E00950A5D /* PBXTargetDependency */,
			);
			name = QuizlerUITests;
			productName = QuizlerUITests;
			productReference = A9C304D22B5D8C4E00950A5D /* QuizlerUITests.xctest */;
			productType = "com.apple.product-type.bundle.ui-testing";
		};
/* End PBXNativeTarget section */

/* Begin PBXProject section */
		A9C304AA2B5D8C4600950A5D /* Project object */ = {
			isa = PBXProject;
			attributes = {
				BuildIndependentTargetsInParallel = 1;
				LastSwiftUpdateCheck = 1520;
				LastUpgradeCheck = 1520;
				TargetAttributes = {
					A9C304B12B5D8C4600950A5D = {
						CreatedOnToolsVersion = 15.2;
					};
					A9C304C72B5D8C4D00950A5D = {
						CreatedOnToolsVersion = 15.2;
						TestTargetID = A9C304B12B5D8C4600950A5D;
					};
					A9C304D12B5D8C4E00950A5D = {
						CreatedOnToolsVersion = 15.2;
						TestTargetID = A9C304B12B5D8C4600950A5D;
					};
				};
			};
			buildConfigurationList = A9C304AD2B5D8C4600950A5D /* Build configuration list for PBXProject "Quizler" */;
			compatibilityVersion = "Xcode 14.0";
			developmentRegion = en;
			hasScannedForEncodings = 0;
			knownRegions = (
				en,
				Base,
			);
			mainGroup = A9C304A92B5D8C4600950A5D;
			productRefGroup = A9C304B32B5D8C4600950A5D /* Products */;
			projectDirPath = "";
			projectRoot = "";
			targets = (
				A9C304B12B5D8C4600950A5D /* Quizler */,
				A9C304C72B5D8C4D00950A5D /* QuizlerTests */,
				A9C304D12B5D8C4E00950A5D /* QuizlerUITests */,
			);
		};
/* End PBXProject section */

/* Begin PBXResourcesBuildPhase section */
		A9C304B02B5D8C4600950A5D /* Resources */ = {
			isa = PBXResourcesBuildPhase;
			buildActionMask = 2147483647;
			files = (
				A9C304C22B5D8C4D00950A5D /* LaunchScreen.storyboard in Resources */,
				A9C304BF2B5D8C4D00950A5D /* Assets.xcassets in Resources */,
				A9C304BD2B5D8C4600950A5D /* Main.storyboard in Resources */,
			);
			runOnlyForDeploymentPostprocessing = 0;
		};
		A9C304C62B5D8C4D00950A5D /* Resources */ = {
			isa = PBXResourcesBuildPhase;
			buildActionMask = 2147483647;
			files = (
			);
			runOnlyForDeploymentPostprocessing = 0;
		};
		A9C304D02B5D8C4E00950A5D /* Resources */ = {
			isa = PBXResourcesBuildPhase;
			buildActionMask = 2147483647;
			files = (
			);
			runOnlyForDeploymentPostprocessing = 0;
		};
/* End PBXResourcesBuildPhase section */

/* Begin PBXSourcesBuildPhase section */
		A9C304AE2B5D8C4600950A5D /* Sources */ = {
			isa = PBXSourcesBuildPhase;
			buildActionMask = 2147483647;
			files = (
				A9E0FD452B5E752E001E87D1 /* QuizBrain.swift in Sources */,
				A9C304BA2B5D8C4600950A5D /* ViewController.swift in Sources */,
				A9E0FD3E2B5E4BE6001E87D1 /* Question.swift in Sources */,
				A9C304B62B5D8C4600950A5D /* AppDelegate.swift in Sources */,
				A9C304B82B5D8C4600950A5D /* SceneDelegate.swift in Sources */,
			);
			runOnlyForDeploymentPostprocessing = 0;
		};
		A9C304C42B5D8C4D00950A5D /* Sources */ = {
			isa = PBXSourcesBuildPhase;
			buildActionMask = 2147483647;
			files = (
				A9C304CD2B5D8C4E00950A5D /* QuizlerTests.swift in Sources */,
			);
			runOnlyForDeploymentPostprocessing = 0;
		};
		A9C304CE2B5D8C4E00950A5D /* Sources */ = {
			isa = PBXSourcesBuildPhase;
			buildActionMask = 2147483647;
			files = (
				A9C304D72B5D8C4E00950A5D /* QuizlerUITests.swift in Sources */,
				A9C304D92B5D8C4E00950A5D /* QuizlerUITestsLaunchTests.swift in Sources */,
			);
			runOnlyForDeploymentPostprocessing = 0;
		};
/* End PBXSourcesBuildPhase section */

/* Begin PBXTargetDependency section */
		A9C304CA2B5D8C4D00950A5D /* PBXTargetDependency */ = {
			isa = PBXTargetDependency;
			target = A9C304B12B5D8C4600950A5D /* Quizler */;
			targetProxy = A9C304C92B5D8C4D00950A5D /* PBXContainerItemProxy */;
		};
		A9C304D42B5D8C4E00950A5D /* PBXTargetDependency */ = {
			isa = PBXTargetDependency;
			target = A9C304B12B5D8C4600950A5D /* Quizler */;
			targetProxy = A9C304D32B5D8C4E00950A5D /* PBXContainerItemProxy */;
		};
/* End PBXTargetDependency section */

/* Begin PBXVariantGroup section */
		A9C304BB2B5D8C4600950A5D /* Main.storyboard */ = {
			isa = PBXVariantGroup;
			children = (
				A9C304BC2B5D8C4600950A5D /* Base */,
			);
			name = Main.storyboard;
			sourceTree = "<group>";
		};
		A9C304C02B5D8C4D00950A5D /* LaunchScreen.storyboard */ = {
			isa = PBXVariantGroup;
			children = (
				A9C304C12B5D8C4D00950A5D /* Base */,
			);
			name = LaunchScreen.storyboard;
			sourceTree = "<group>";
		};
/* End PBXVariantGroup section */

/* Begin XCBuildConfiguration section */
		A9C304DA2B5D8C4E00950A5D /* Debug */ = {
			isa = XCBuildConfiguration;
			buildSettings = {
				ALWAYS_SEARCH_USER_PATHS = NO;
				ASSETCATALOG_COMPILER_GENERATE_SWIFT_ASSET_SYMBOL_EXTENSIONS = YES;
				CLANG_ANALYZER_NONNULL = YES;
				CLANG_ANALYZER_NUMBER_OBJECT_CONVERSION = YES_AGGRESSIVE;
				CLANG_CXX_LANGUAGE_STANDARD = "gnu++20";
				CLANG_ENABLE_MODULES = YES;
				CLANG_ENABLE_OBJC_ARC = YES;
				CLANG_ENABLE_OBJC_WEAK = YES;
				CLANG_WARN_BLOCK_CAPTURE_AUTORELEASING = YES;
				CLANG_WARN_BOOL_CONVERSION = YES;
				CLANG_WARN_COMMA = YES;
				CLANG_WARN_CONSTANT_CONVERSION = YES;
				CLANG_WARN_DEPRECATED_OBJC_IMPLEMENTATIONS = YES;
				CLANG_WARN_DIRECT_OBJC_ISA_USAGE = YES_ERROR;
				CLANG_WARN_DOCUMENTATION_COMMENTS = YES;
				CLANG_WARN_EMPTY_BODY = YES;
				CLANG_WARN_ENUM_CONVERSION = YES;
				CLANG_WARN_INFINITE_RECURSION = YES;
				CLANG_WARN_INT_CONVERSION = YES;
				CLANG_WARN_NON_LITERAL_NULL_CONVERSION = YES;
				CLANG_WARN_OBJC_IMPLICIT_RETAIN_SELF = YES;
				CLANG_WARN_OBJC_LITERAL_CONVERSION = YES;
				CLANG_WARN_OBJC_ROOT_CLASS = YES_ERROR;
				CLANG_WARN_QUOTED_INCLUDE_IN_FRAMEWORK_HEADER = YES;
				CLANG_WARN_RANGE_LOOP_ANALYSIS = YES;
				CLANG_WARN_STRICT_PROTOTYPES = YES;
				CLANG_WARN_SUSPICIOUS_MOVE = YES;
				CLANG_WARN_UNGUARDED_AVAILABILITY = YES_AGGRESSIVE;
				CLANG_WARN_UNREACHABLE_CODE = YES;
				CLANG_WARN__DUPLICATE_METHOD_MATCH = YES;
				COPY_PHASE_STRIP = NO;
				DEBUG_INFORMATION_FORMAT = dwarf;
				ENABLE_STRICT_OBJC_MSGSEND = YES;
				ENABLE_TESTABILITY = YES;
				ENABLE_USER_SCRIPT_SANDBOXING = YES;
				GCC_C_LANGUAGE_STANDARD = gnu17;
				GCC_DYNAMIC_NO_PIC = NO;
				GCC_NO_COMMON_BLOCKS = YES;
				GCC_OPTIMIZATION_LEVEL = 0;
				GCC_PREPROCESSOR_DEFINITIONS = (
					"DEBUG=1",
					"$(inherited)",
				);
				GCC_WARN_64_TO_32_BIT_CONVERSION = YES;
				GCC_WARN_ABOUT_RETURN_TYPE = YES_ERROR;
				GCC_WARN_UNDECLARED_SELECTOR = YES;
				GCC_WARN_UNINITIALIZED_AUTOS = YES_AGGRESSIVE;
				GCC_WARN_UNUSED_FUNCTION = YES;
				GCC_WARN_UNUSED_VARIABLE = YES;
				IPHONEOS_DEPLOYMENT_TARGET = 17.2;
				LOCALIZATION_PREFERS_STRING_CATALOGS = YES;
				MTL_ENABLE_DEBUG_INFO = INCLUDE_SOURCE;
				MTL_FAST_MATH = YES;
				ONLY_ACTIVE_ARCH = YES;
				SDKROOT = iphoneos;
				SWIFT_ACTIVE_COMPILATION_CONDITIONS = "DEBUG $(inherited)";
				SWIFT_OPTIMIZATION_LEVEL = "-Onone";
			};
			name = Debug;
		};
		A9C304DB2B5D8C4E00950A5D /* Release */ = {
			isa = XCBuildConfiguration;
			buildSettings = {
				ALWAYS_SEARCH_USER_PATHS = NO;
				ASSETCATALOG_COMPILER_GENERATE_SWIFT_ASSET_SYMBOL_EXTENSIONS = YES;
				CLANG_ANALYZER_NONNULL = YES;
				CLANG_ANALYZER_NUMBER_OBJECT_CONVERSION = YES_AGGRESSIVE;
				CLANG_CXX_LANGUAGE_STANDARD = "gnu++20";
				CLANG_ENABLE_MODULES = YES;
				CLANG_ENABLE_OBJC_ARC = YES;
				CLANG_ENABLE_OBJC_WEAK = YES;
				CLANG_WARN_BLOCK_CAPTURE_AUTORELEASING = YES;
				CLANG_WARN_BOOL_CONVERSION = YES;
				CLANG_WARN_COMMA = YES;
				CLANG_WARN_CONSTANT_CONVERSION = YES;
				CLANG_WARN_DEPRECATED_OBJC_IMPLEMENTATIONS = YES;
				CLANG_WARN_DIRECT_OBJC_ISA_USAGE = YES_ERROR;
				CLANG_WARN_DOCUMENTATION_COMMENTS = YES;
				CLANG_WARN_EMPTY_BODY = YES;
				CLANG_WARN_ENUM_CONVERSION = YES;
				CLANG_WARN_INFINITE_RECURSION = YES;
				CLANG_WARN_INT_CONVERSION = YES;
				CLANG_WARN_NON_LITERAL_NULL_CONVERSION = YES;
				CLANG_WARN_OBJC_IMPLICIT_RETAIN_SELF = YES;
				CLANG_WARN_OBJC_LITERAL_CONVERSION = YES;
				CLANG_WARN_OBJC_ROOT_CLASS = YES_ERROR;
				CLANG_WARN_QUOTED_INCLUDE_IN_FRAMEWORK_HEADER = YES;
				CLANG_WARN_RANGE_LOOP_ANALYSIS = YES;
				CLANG_WARN_STRICT_PROTOTYPES = YES;
				CLANG_WARN_SUSPICIOUS_MOVE = YES;
				CLANG_WARN_UNGUARDED_AVAILABILITY = YES_AGGRESSIVE;
				CLANG_WARN_UNREACHABLE_CODE = YES;
				CLANG_WARN__DUPLICATE_METHOD_MATCH = YES;
				COPY_PHASE_STRIP = NO;
				DEBUG_INFORMATION_FORMAT = "dwarf-with-dsym";
				ENABLE_NS_ASSERTIONS = NO;
				ENABLE_STRICT_OBJC_MSGSEND = YES;
				ENABLE_USER_SCRIPT_SANDBOXING = YES;
				GCC_C_LANGUAGE_STANDARD = gnu17;
				GCC_NO_COMMON_BLOCKS = YES;
				GCC_WARN_64_TO_32_BIT_CONVERSION = YES;
				GCC_WARN_ABOUT_RETURN_TYPE = YES_ERROR;
				GCC_WARN_UNDECLARED_SELECTOR = YES;
				GCC_WARN_UNINITIALIZED_AUTOS = YES_AGGRESSIVE;
				GCC_WARN_UNUSED_FUNCTION = YES;
				GCC_WARN_UNUSED_VARIABLE = YES;
				IPHONEOS_DEPLOYMENT_TARGET = 17.2;
				LOCALIZATION_PREFERS_STRING_CATALOGS = YES;
				MTL_ENABLE_DEBUG_INFO = NO;
				MTL_FAST_MATH = YES;
				SDKROOT = iphoneos;
				SWIFT_COMPILATION_MODE = wholemodule;
				VALIDATE_PRODUCT = YES;
			};
			name = Release;
		};
		A9C304DD2B5D8C4E00950A5D /* Debug */ = {
			isa = XCBuildConfiguration;
			buildSettings = {
				ASSETCATALOG_COMPILER_APPICON_NAME = AppIcon;
				ASSETCATALOG_COMPILER_GLOBAL_ACCENT_COLOR_NAME = AccentColor;
				CODE_SIGN_STYLE = Automatic;
				CURRENT_PROJECT_VERSION = 1;
				GENERATE_INFOPLIST_FILE = YES;
				INFOPLIST_FILE = Quizler/Info.plist;
				INFOPLIST_KEY_UIApplicationSupportsIndirectInputEvents = YES;
				INFOPLIST_KEY_UILaunchStoryboardName = LaunchScreen;
				INFOPLIST_KEY_UIMainStoryboardFile = Main;
				INFOPLIST_KEY_UISupportedInterfaceOrientations_iPad = "UIInterfaceOrientationPortrait UIInterfaceOrientationPortraitUpsideDown UIInterfaceOrientationLandscapeLeft UIInterfaceOrientationLandscapeRight";
				INFOPLIST_KEY_UISupportedInterfaceOrientations_iPhone = "UIInterfaceOrientationPortrait UIInterfaceOrientationLandscapeLeft UIInterfaceOrientationLandscapeRight";
				LD_RUNPATH_SEARCH_PATHS = (
					"$(inherited)",
					"@executable_path/Frameworks",
				);
				MARKETING_VERSION = 1.0;
				PRODUCT_BUNDLE_IDENTIFIER = Manuvela.Quizler;
				PRODUCT_NAME = "$(TARGET_NAME)";
				SWIFT_EMIT_LOC_STRINGS = YES;
				SWIFT_VERSION = 5.0;
				TARGETED_DEVICE_FAMILY = "1,2";
			};
			name = Debug;
		};
		A9C304DE2B5D8C4E00950A5D /* Release */ = {
			isa = XCBuildConfiguration;
			buildSettings = {
				ASSETCATALOG_COMPILER_APPICON_NAME = AppIcon;
				ASSETCATALOG_COMPILER_GLOBAL_ACCENT_COLOR_NAME = AccentColor;
				CODE_SIGN_STYLE = Automatic;
				CURRENT_PROJECT_VERSION = 1;
				GENERATE_INFOPLIST_FILE = YES;
				INFOPLIST_FILE = Quizler/Info.plist;
				INFOPLIST_KEY_UIApplicationSupportsIndirectInputEvents = YES;
				INFOPLIST_KEY_UILaunchStoryboardName = LaunchScreen;
				INFOPLIST_KEY_UIMainStoryboardFile = Main;
				INFOPLIST_KEY_UISupportedInterfaceOrientations_iPad = "UIInterfaceOrientationPortrait UIInterfaceOrientationPortraitUpsideDown UIInterfaceOrientationLandscapeLeft UIInterfaceOrientationLandscapeRight";
				INFOPLIST_KEY_UISupportedInterfaceOrientations_iPhone = "UIInterfaceOrientationPortrait UIInterfaceOrientationLandscapeLeft UIInterfaceOrientationLandscapeRight";
				LD_RUNPATH_SEARCH_PATHS = (
					"$(inherited)",
					"@executable_path/Frameworks",
				);
				MARKETING_VERSION = 1.0;
				PRODUCT_BUNDLE_IDENTIFIER = Manuvela.Quizler;
				PRODUCT_NAME = "$(TARGET_NAME)";
				SWIFT_EMIT_LOC_STRINGS = YES;
				SWIFT_VERSION = 5.0;
				TARGETED_DEVICE_FAMILY = "1,2";
			};
			name = Release;
		};
		A9C304E02B5D8C4E00950A5D /* Debug */ = {
			isa = XCBuildConfiguration;
			buildSettings = {
				ALWAYS_EMBED_SWIFT_STANDARD_LIBRARIES = YES;
				BUNDLE_LOADER = "$(TEST_HOST)";
				CODE_SIGN_STYLE = Automatic;
				CURRENT_PROJECT_VERSION = 1;
				GENERATE_INFOPLIST_FILE = YES;
				IPHONEOS_DEPLOYMENT_TARGET = 17.2;
				MARKETING_VERSION = 1.0;
				PRODUCT_BUNDLE_IDENTIFIER = Manuvela.QuizlerTests;
				PRODUCT_NAME = "$(TARGET_NAME)";
				SWIFT_EMIT_LOC_STRINGS = NO;
				SWIFT_VERSION = 5.0;
				TARGETED_DEVICE_FAMILY = "1,2";
				TEST_HOST = "$(BUILT_PRODUCTS_DIR)/Quizler.app/$(BUNDLE_EXECUTABLE_FOLDER_PATH)/Quizler";
			};
			name = Debug;
		};
		A9C304E12B5D8C4E00950A5D /* Release */ = {
			isa = XCBuildConfiguration;
			buildSettings = {
				ALWAYS_EMBED_SWIFT_STANDARD_LIBRARIES = YES;
				BUNDLE_LOADER = "$(TEST_HOST)";
				CODE_SIGN_STYLE = Automatic;
				CURRENT_PROJECT_VERSION = 1;
				GENERATE_INFOPLIST_FILE = YES;
				IPHONEOS_DEPLOYMENT_TARGET = 17.2;
				MARKETING_VERSION = 1.0;
				PRODUCT_BUNDLE_IDENTIFIER = Manuvela.QuizlerTests;
				PRODUCT_NAME = "$(TARGET_NAME)";
				SWIFT_EMIT_LOC_STRINGS = NO;
				SWIFT_VERSION = 5.0;
				TARGETED_DEVICE_FAMILY = "1,2";
				TEST_HOST = "$(BUILT_PRODUCTS_DIR)/Quizler.app/$(BUNDLE_EXECUTABLE_FOLDER_PATH)/Quizler";
			};
			name = Release;
		};
		A9C304E32B5D8C4E00950A5D /* Debug */ = {
			isa = XCBuildConfiguration;
			buildSettings = {
				ALWAYS_EMBED_SWIFT_STANDARD_LIBRARIES = YES;
				CODE_SIGN_STYLE = Automatic;
				CURRENT_PROJECT_VERSION = 1;
				GENERATE_INFOPLIST_FILE = YES;
				MARKETING_VERSION = 1.0;
				PRODUCT_BUNDLE_IDENTIFIER = Manuvela.QuizlerUITests;
				PRODUCT_NAME = "$(TARGET_NAME)";
				SWIFT_EMIT_LOC_STRINGS = NO;
				SWIFT_VERSION = 5.0;
				TARGETED_DEVICE_FAMILY = "1,2";
				TEST_TARGET_NAME = Quizler;
			};
			name = Debug;
		};
		A9C304E42B5D8C4E00950A5D /* Release */ = {
			isa = XCBuildConfiguration;
			buildSettings = {
				ALWAYS_EMBED_SWIFT_STANDARD_LIBRARIES = YES;
				CODE_SIGN_STYLE = Automatic;
				CURRENT_PROJECT_VERSION = 1;
				GENERATE_INFOPLIST_FILE = YES;
				MARKETING_VERSION = 1.0;
				PRODUCT_BUNDLE_IDENTIFIER = Manuvela.QuizlerUITests;
				PRODUCT_NAME = "$(TARGET_NAME)";
				SWIFT_EMIT_LOC_STRINGS = NO;
				SWIFT_VERSION = 5.0;
				TARGETED_DEVICE_FAMILY = "1,2";
				TEST_TARGET_NAME = Quizler;
			};
			name = Release;
		};
/* End XCBuildConfiguration section */

/* Begin XCConfigurationList section */
		A9C304AD2B5D8C4600950A5D /* Build configuration list for PBXProject "Quizler" */ = {
			isa = XCConfigurationList;
			buildConfigurations = (
				A9C304DA2B5D8C4E00950A5D /* Debug */,
				A9C304DB2B5D8C4E00950A5D /* Release */,
			);
			defaultConfigurationIsVisible = 0;
			defaultConfigurationName = Release;
		};
		A9C304DC2B5D8C4E00950A5D /* Build configuration list for PBXNativeTarget "Quizler" */ = {
			isa = XCConfigurationList;
			buildConfigurations = (
				A9C304DD2B5D8C4E00950A5D /* Debug */,
				A9C304DE2B5D8C4E00950A5D /* Release */,
			);
			defaultConfigurationIsVisible = 0;
			defaultConfigurationName = Release;
		};
		A9C304DF2B5D8C4E00950A5D /* Build configuration list for PBXNativeTarget "QuizlerTests" */ = {
			isa = XCConfigurationList;
			buildConfigurations = (
				A9C304E02B5D8C4E00950A5D /* Debug */,
				A9C304E12B5D8C4E00950A5D /* Release */,
			);
			defaultConfigurationIsVisible = 0;
			defaultConfigurationName = Release;
		};
		A9C304E22B5D8C4E00950A5D /* Build configuration list for PBXNativeTarget "QuizlerUITests" */ = {
			isa = XCConfigurationList;
			buildConfigurations = (
				A9C304E32B5D8C4E00950A5D /* Debug */,
				A9C304E42B5D8C4E00950A5D /* Release */,
			);
			defaultConfigurationIsVisible = 0;
			defaultConfigurationName = Release;
		};
/* End XCConfigurationList section */
	};
	rootObject = A9C304AA2B5D8C4600950A5D /* Project object */;
}
